{
  "name": "portfolio",
  "version": "0.1.0",
  "lockfileVersion": 1,
  "requires": true,
  "dependencies": {
    "hooper": {
      "version": "0.3.4",
      "resolved": "https://registry.npmjs.org/hooper/-/hooper-0.3.4.tgz",
      "integrity": "sha512-hV1c+MCiCfVjltdvZIgTrGYHInvhKiNLVNOT/hRWbfjZNIS9H6F6ZUPeaxhxrYkjsEL96Z0RIs+4YPoBqrrrHQ=="
    },
    "vue-progressive-image": {
      "version": "3.1.0",
      "resolved": "https://registry.npmjs.org/vue-progressive-image/-/vue-progressive-image-3.1.0.tgz",
      "integrity": "sha512-Gs3NYAu8RCdY/YDvYNJ/ku5fjgzRO4FESE51ne9JaFzOkOrsXnGBZC4reJ4ingSkH9Gyxwt2Ru05oFqH2JlmcQ=="
    },
    "yarn": {
      "version": "1.9.4",
      "resolved": "https://registry.npmjs.org/yarn/-/yarn-1.9.4.tgz",
      "integrity": "sha1-O4LYRGtlJ3VyOQC0cNlmhhl2kks="
    }
  }
}
